PODS:
  - MAGSocial (0.0.4)
  - UIButton+Activity (1.0.1)

DEPENDENCIES:
  - MAGSocial (from `../`)
  - UIButton+Activity

EXTERNAL SOURCES:
  MAGSocial:
    :path: ../

SPEC CHECKSUMS:
  MAGSocial: 815be46833274d764706768a67fd5480d8dda16d
  UIButton+Activity: 65dba2f319a95fadbe2be1664c95dbb32fda81a7

PODFILE CHECKSUM: b118b9eacaf099c64049660df4f7fa29172512b1

COCOAPODS: 1.2.1
