PODS:
  - Bolts (1.8.4):
    - Bolts/AppLinks (= 1.8.4)
    - Bolts/Tasks (= 1.8.4)
  - Bolts/AppLinks (1.8.4):
    - Bolts/Tasks
  - Bolts/Tasks (1.8.4)
  - Fabric (1.6.11)
  - FBSDKCoreKit (4.22.0):
    - Bolts (~> 1.7)
  - FBSDKLoginKit (4.22.0):
    - FBSDKCoreKit
  - MAGSocial (0.0.4)
  - MAGSocialFacebook (0.0.4):
    - FBSDKCoreKit (~> 4.22)
    - FBSDKLoginKit (~> 4.22)
    - MAGSocial
  - MAGSocialTwitter (0.0.4):
    - Fabric
    - MAGSocial
    - TwitterKit
  - TwitterCore (2.8.0):
    - Fabric
  - TwitterKit (2.8.1):
    - TwitterCore (>= 2.8)

DEPENDENCIES:
  - MAGSocial (from `../`)
  - MAGSocialFacebook (from `../`)
  - MAGSocialTwitter (from `../`)

EXTERNAL SOURCES:
  MAGSocial:
    :path: ../
  MAGSocialFacebook:
    :path: ../
  MAGSocialTwitter:
    :path: ../

SPEC CHECKSUMS:
  Bolts: 8a7995239dbe724f9cba2248b766d48b7ebdd322
  Fabric: 5911403591946b8228ab1c51d98f1d7137e863c6
  FBSDKCoreKit: c693bad19feb225469eeff14452ba364522ee48b
  FBSDKLoginKit: 1fa529fc622d7b32ebeaffbecd377180833c6d30
  MAGSocial: 62ba33d0f4ecf3dd6cc5f0a0fdfc27bd8e70f1dc
  MAGSocialFacebook: 511aea2ab2514a619b09e35646cb5a9eeb85b711
  MAGSocialTwitter: 3adb8334346f2305a1f529689628c9a99529461c
  TwitterCore: e959987be23c767004d29eb7fab8d85d8585a2e5
  TwitterKit: 3b6044a7320340326a4098f3e37aa1dbaeb94942

PODFILE CHECKSUM: bad0dc877e7f9c6fd0788252624b3ac6a61a9b2c

COCOAPODS: 1.2.1
